{
    "name": "test",
    "version": "1.0.0",
    "lockfileVersion": 1,
    "requires": true,
    "dependencies": {
      "minimist": {
        "version": "1.2.6",
        "resolved": "https://registry.npmjs.org/minimist/-/minimist-1.2.6.tgz",
        "integrity": "sha512-Jsjnk4bw3YJqYzbdyBiNsPWHPfO++UGG749Cxs6peCu5Xg4nrena6OVxOYxrQTqww0Jmwt+Ref8rggumkTLz9Q=="
      },
      "process": {
        "version": "0.11.10",
        "resolved": "https://registry.npmjs.org/process/-/process-0.11.10.tgz",
        "integrity": "sha512-cdGef/drWFoydD1JsMzuFf8100nZl+GT+yacc2bEced5f9Rjk4z+WtFUTBu9PhOi9j/jfmBPu0mMEY4wIdAF8A=="
      }
    }
  }